
Microsoft Visual Studio Solution File, Format Version 12.00
Project("{2150E333-8FDC-42A3-9474-1A3956D46DE8}") = "src", "src", "{32D8B001-4D39-45C2-A7AB-C373629692B5}"
EndProject
Project("{FAE04EC0-301F-11D3-BF4B-00C04F79EFBC}") = "Semantic.Kernel.Vector.WebApi", "src\Semantic.Kernel.Vector.WebApi\Semantic.Kernel.Vector.WebApi.csproj", "{CA8106F9-75C5-46FB-8A38-BED8C0718B36}"
EndProject
Global
	GlobalSection(SolutionConfigurationPlatforms) = preSolution
		Debug|Any CPU = Debug|Any CPU
		Release|Any CPU = Release|Any CPU
	EndGlobalSection
	GlobalSection(ProjectConfigurationPlatforms) = postSolution
		{CA8106F9-75C5-46FB-8A38-BED8C0718B36}.Debug|Any CPU.ActiveCfg = Debug|Any CPU
		{CA8106F9-75C5-46FB-8A38-BED8C0718B36}.Debug|Any CPU.Build.0 = Debug|Any CPU
		{CA8106F9-75C5-46FB-8A38-BED8C0718B36}.Release|Any CPU.ActiveCfg = Release|Any CPU
		{CA8106F9-75C5-46FB-8A38-BED8C0718B36}.Release|Any CPU.Build.0 = Release|Any CPU
	EndGlobalSection
	GlobalSection(NestedProjects) = preSolution
		{CA8106F9-75C5-46FB-8A38-BED8C0718B36} = {32D8B001-4D39-45C2-A7AB-C373629692B5}
	EndGlobalSection
EndGlobal
